
Microsoft Visual Studio Solution File, Format Version 12.00
# Visual Studio Version 17
VisualStudioVersion = 17.7.34202.233
MinimumVisualStudioVersion = 10.0.40219.1
Project("{FAE04EC0-301F-11D3-BF4B-00C04F79EFBC}") = "ProductServiceAPI", "ProductServiceAPI\ProductServiceAPI.csproj", "{37C80E36-8233-43FB-86CB-E5780A1D1ED0}"
EndProject
Project("{00D1A9C2-B5F0-4AF3-8072-F6C62B433612}") = "ProductServiceDB", "ProductServiceDB\ProductServiceDB.sqlproj", "{27D90C00-7BE7-476D-9307-29919682F14D}"
EndProject
Global
	GlobalSection(SolutionConfigurationPlatforms) = preSolution
		Debug|Any CPU = Debug|Any CPU
		Release|Any CPU = Release|Any CPU
	EndGlobalSection
	GlobalSection(ProjectConfigurationPlatforms) = postSolution
		{37C80E36-8233-43FB-86CB-E5780A1D1ED0}.Debug|Any CPU.ActiveCfg = Debug|Any CPU
		{37C80E36-8233-43FB-86CB-E5780A1D1ED0}.Debug|Any CPU.Build.0 = Debug|Any CPU
		{37C80E36-8233-43FB-86CB-E5780A1D1ED0}.Release|Any CPU.ActiveCfg = Release|Any CPU
		{37C80E36-8233-43FB-86CB-E5780A1D1ED0}.Release|Any CPU.Build.0 = Release|Any CPU
		{27D90C00-7BE7-476D-9307-29919682F14D}.Debug|Any CPU.ActiveCfg = Debug|Any CPU
		{27D90C00-7BE7-476D-9307-29919682F14D}.Debug|Any CPU.Build.0 = Debug|Any CPU
		{27D90C00-7BE7-476D-9307-29919682F14D}.Debug|Any CPU.Deploy.0 = Debug|Any CPU
		{27D90C00-7BE7-476D-9307-29919682F14D}.Release|Any CPU.ActiveCfg = Release|Any CPU
		{27D90C00-7BE7-476D-9307-29919682F14D}.Release|Any CPU.Build.0 = Release|Any CPU
		{27D90C00-7BE7-476D-9307-29919682F14D}.Release|Any CPU.Deploy.0 = Release|Any CPU
	EndGlobalSection
	GlobalSection(SolutionProperties) = preSolution
		HideSolutionNode = FALSE
	EndGlobalSection
	GlobalSection(ExtensibilityGlobals) = postSolution
		SolutionGuid = {E4D8AA71-5C85-4106-987B-D5EEB0A3C67F}
	EndGlobalSection
EndGlobal
